
Microsoft Visual Studio Solution File, Format Version 9.00
# Visual Studio 2005
Project("{FAE04EC0-301F-11D3-BF4B-00C04F79EFBC}") = "GuitarTuner", "GuitarTuner\GuitarTuner.csproj", "{8CCA42BC-7521-4E5B-A387-7499277A3E6D}"
EndProject
Project("{FAE04EC0-301F-11D3-BF4B-00C04F79EFBC}") = "AKWare.Audio", "..\appShare\AKWare.Audio\AKWare.Audio.csproj", "{7B5C9475-B2B5-4461-89C9-17B3E428DA06}"
EndProject
Global
	GlobalSection(SolutionConfigurationPlatforms) = preSolution
		Debug|Any CPU = Debug|Any CPU
		Release|Any CPU = Release|Any CPU
	EndGlobalSection
	GlobalSection(ProjectConfigurationPlatforms) = postSolution
		{8CCA42BC-7521-4E5B-A387-7499277A3E6D}.Debug|Any CPU.ActiveCfg = Debug|Any CPU
		{8CCA42BC-7521-4E5B-A387-7499277A3E6D}.Debug|Any CPU.Build.0 = Debug|Any CPU
		{8CCA42BC-7521-4E5B-A387-7499277A3E6D}.Release|Any CPU.ActiveCfg = Release|Any CPU
		{8CCA42BC-7521-4E5B-A387-7499277A3E6D}.Release|Any CPU.Build.0 = Release|Any CPU
		{7B5C9475-B2B5-4461-89C9-17B3E428DA06}.Debug|Any CPU.ActiveCfg = Debug|Any CPU
		{7B5C9475-B2B5-4461-89C9-17B3E428DA06}.Debug|Any CPU.Build.0 = Debug|Any CPU
		{7B5C9475-B2B5-4461-89C9-17B3E428DA06}.Release|Any CPU.ActiveCfg = Release|Any CPU
		{7B5C9475-B2B5-4461-89C9-17B3E428DA06}.Release|Any CPU.Build.0 = Release|Any CPU
	EndGlobalSection
	GlobalSection(SolutionProperties) = preSolution
		HideSolutionNode = FALSE
	EndGlobalSection
EndGlobal
